locked_at: 2026-02-24T10:33:43.159Z
packages:
  base:
    source: ../base
    resolved: ../base
    version: 0.1.0
    sha: unknown
    integrity:
      memory/CLAUDE.md:
        hash: d8aca4a91b121df81e82bd29514e3d1359e6485024165927b85cea49138544f8
        type: memory
      memory/AGENTS.md:
        hash: 65d128c8e74aabc0fb55b4a8bad374a4bc014e450c57f24185a8861d2b1794f9
        type: memory
      memory/GEMINI.md:
        hash: d8aca4a91b121df81e82bd29514e3d1359e6485024165927b85cea49138544f8
        type: memory
  maintainer:
    source: github:baton-dx/baton-dx-source/profiles/maintainer
    resolved: github:baton-dx/baton-dx-source/profiles/maintainer
    version: 0.1.0
    sha: 4384ab8330ac7ece2291a32dc035e30e97765658
    integrity:
      skills/add-adapter:
        hash: 1b40ee3de7c8382516c99fc024e1786f830230ea9991928e3248d5fbb7f9bb01
        type: skills
      skills/add-ide-platform:
        hash: 822ea42e4b85ee091e41925eb52a51776ca55612c815ff9580e8066ff885100f
        type: skills
      skills/review-code:
        hash: 2f34495567cb7cdbb1ff078bec3600fee06e647d0da369fb065bddbdcbc8b70e
        type: skills
      skills/find-dead-code:
        hash: 3198f585b3bbcdbd346107469084ded62f8fea695147b385dc556b9b72817773
        type: skills
      skills/find-redundancy:
        hash: e58487d7dc42ec27e9c3dde24dacdc3426f9d4bac8c60890906bb8dc6e193569
        type: skills
      skills/create-pr:
        hash: 069d0e8c2933cdb693c46357f13df47b410e708b561ed271c230e75863b86931
        type: skills
      skills/run-release:
        hash: 46549ced3b877755a11afefcc9b4ca69bfde40c8400363c2dc7f7c17ca592d28
        type: skills
      skills/run-review:
        hash: a8b20739fde01d16a8b4f2d0511c008b86d0286eeb69b311f4499d7dde8be936
        type: skills
      skills/build:
        hash: 44575cf5b28512d75644bf54a517dcef304ff809fd511747621b4d64f19aac66
        type: skills
      skills/quality:
        hash: acef2c15bcd349db900dffece73e1256e881c4416fc1f2d3a494640183490d9a
        type: skills
      skills/verify:
        hash: a12dd3a7fd3203a452eb34d91a9be20569d5e337a3384347068895c07f3e0c5a
        type: skills
      memory/CLAUDE.md:
        hash: d8aca4a91b121df81e82bd29514e3d1359e6485024165927b85cea49138544f8
        type: memory
      memory/AGENTS.md:
        hash: 65d128c8e74aabc0fb55b4a8bad374a4bc014e450c57f24185a8861d2b1794f9
        type: memory
      memory/GEMINI.md:
        hash: d8aca4a91b121df81e82bd29514e3d1359e6485024165927b85cea49138544f8
        type: memory
