baton_version: 1.0.0
locked_at: 2026-03-15T09:28:52.303Z
packages:
  base:
    source: github:baton-dx/baton-dx-source/profiles/base
    resolved: github:baton-dx/baton-dx-source/profiles/base
    version: 1.0.0
    sha: unknown
    integrity:
      memory/CLAUDE.md:
        hash: 5d027de119b1d1b75968d0fe6c54d57416c533756161e34afe1391b9a8a09cb5
        type: memory
      memory/AGENTS.md:
        hash: 5d027de119b1d1b75968d0fe6c54d57416c533756161e34afe1391b9a8a09cb5
        type: memory
      memory/GEMINI.md:
        hash: 5d027de119b1d1b75968d0fe6c54d57416c533756161e34afe1391b9a8a09cb5
        type: memory
      memory/copilot-instructions.md:
        hash: 3ea8e06e3d1022fb26ed1d8b41e8961d08458c3a7322de793dffd70b5b2a3c4e
        type: memory
      rules/baton-terminology:
        hash: 87ff52c24278b6ffaa83c128bbd9fdc76c99271d7b44f858df2c2cf393bee093
        type: rules
      rules/yaml-conventions:
        hash: 3b03375e057f179d9bbd69db740e549906be1d9d3955e55bbc9c072deb3bad8e
        type: rules
  maintainer:
    source: github:baton-dx/baton-dx-source/profiles/maintainer
    resolved: github:baton-dx/baton-dx-source/profiles/maintainer
    version: 1.0.0
    sha: 7aefd90372047b45d374c738153b97840f12ed74
    integrity:
      skills/add-adapter:
        hash: 2fe7e305a0f5f9393857c824e64b78c3f7aa235d0d73e6706fe1b8362279bb3d
        type: skills
      skills/add-ide-platform:
        hash: 40e725a23227f68fdad80aa22ff9b10d220ad78d726eb30f5d5a636fc22f0b31
        type: skills
      skills/build:
        hash: c68f3b0d344fe2a8bf66600b2d8ab87d66c4b7d3010629940c3bbdf9dd19e665
        type: skills
      skills/create-pr:
        hash: 3ae0cfd76cf2d8c78c80e463805c96b388567db9e52c7cc61d96441072022827
        type: skills
      skills/find-dead-code:
        hash: 4a5321f4758357c6700a8ca72a785c47539615a203d7214a657bc40947eb0ac1
        type: skills
      skills/find-redundancy:
        hash: c7becf015c768deb9bed52bd70f8e8427c234974417605c8286737006f251fa1
        type: skills
      skills/quality:
        hash: e74d2e96e24724bd1331a6cb6739be3f2f749b0cb4f2018ef68cf2dddeed1825
        type: skills
      skills/review-code:
        hash: 50bf25f9f6bab0c35882ef8b870eca0600aedf3c8520dbbceea5da8d1125f12b
        type: skills
      skills/run-release:
        hash: 322a7dbb55bf3addbda3687d876a9fe1be3fd9aee74ee6d191a8dd92405c560d
        type: skills
      skills/run-review:
        hash: b8465f48640e93c66d380ba3c8ae5bb3a2c25d3c4d72213461f61496a36f6410
        type: skills
      skills/verify:
        hash: 99868e2100040351c70c3752db50cf3dcda4a5aa3d5ebfbe6ef9a789016c3f90
        type: skills
      memory/CLAUDE.md:
        hash: 5d027de119b1d1b75968d0fe6c54d57416c533756161e34afe1391b9a8a09cb5
        type: memory
      memory/AGENTS.md:
        hash: 5d027de119b1d1b75968d0fe6c54d57416c533756161e34afe1391b9a8a09cb5
        type: memory
      memory/GEMINI.md:
        hash: 5d027de119b1d1b75968d0fe6c54d57416c533756161e34afe1391b9a8a09cb5
        type: memory
      memory/copilot-instructions.md:
        hash: 3ea8e06e3d1022fb26ed1d8b41e8961d08458c3a7322de793dffd70b5b2a3c4e
        type: memory
      rules/api-conventions:
        hash: eeaa500974591c8aa625c44076c8b1c457598c1bd3538014526f535bd9a868ba
        type: rules
      rules/coding-style:
        hash: 8d296b927cc2b23eb17ee7d651340edf5559b33f934d1de033a393ba0952843e
        type: rules
      rules/general:
        hash: 0f5d105dea56cf64a1ce3d1cb84068d53512752889e85f1091fb29cb4e4d326a
        type: rules
      agents/code-quality-auditor:
        hash: 3549461c319c9f6d65537faf2560d0e1d62e5473b9f3b0272ea4cabe8eae4cc1
        type: agents
      agents/consolidation-scout:
        hash: bc5bef934e8aeb7ac40b703f95400b1fa06d4009f26b790b9863ef10a518b7ff
        type: agents
